Microsoft Visual Studio Solution File, Format Version 12.00
# Visual Studio Version 17
VisualStudioVersion = 17.5.2.0
MinimumVisualStudioVersion = 10.0.40219.1
Project("{FAE04EC0-301F-11D3-BF4B-00C04F79EFBC}") = "Best Practices", "Best Practices.csproj", "{0BEB45B1-2959-8131-241E-775F4CAB8303}"
EndProject
Global
	GlobalSection(SolutionConfigurationPlatforms) = preSolution
		Debug|Any CPU = Debug|Any CPU
		Release|Any CPU = Release|Any CPU
	EndGlobalSection
	GlobalSection(ProjectConfigurationPlatforms) = postSolution
		{0BEB45B1-2959-8131-241E-775F4CAB8303}.Debug|Any CPU.ActiveCfg = Debug|Any CPU
		{0BEB45B1-2959-8131-241E-775F4CAB8303}.Debug|Any CPU.Build.0 = Debug|Any CPU
		{0BEB45B1-2959-8131-241E-775F4CAB8303}.Release|Any CPU.ActiveCfg = Release|Any CPU
		{0BEB45B1-2959-8131-241E-775F4CAB8303}.Release|Any CPU.Build.0 = Release|Any CPU
	EndGlobalSection
	GlobalSection(SolutionProperties) = preSolution
		HideSolutionNode = FALSE
	EndGlobalSection
	GlobalSection(ExtensibilityGlobals) = postSolution
		SolutionGuid = {2483CF7B-04CF-4CA8-A935-3228E4042A7A}
	EndGlobalSection
EndGlobal
